{
    "doctrine/doctrine-migrations-bundle": {
        "version": "1.2",
        "recipe": {
            "repo": "github.com/symfony/recipes",
            "branch": "master",
            "version": "1.2",
            "ref": "c1431086fec31f17fbcfe6d6d7e92059458facc1"
        }
    },
    "doctrine/migrations": {
        "version": "v1.6.2"
    },
    "guzzlehttp/guzzle": {
        "version": "6.3.0"
    },
    "guzzlehttp/promises": {
        "version": "v1.3.1"
    },
    "guzzlehttp/psr7": {
        "version": "1.4.2"
    },
    "nelmio/cors-bundle": {
        "version": "1.5",
        "recipe": {
            "repo": "github.com/symfony/recipes",
            "branch": "master",
            "version": "1.5",
            "ref": "7b6cbc842f8cd3d550815247d12294f6f304a8c4"
        }
    },
    "ocramius/proxy-manager": {
        "version": "2.2.0"
    },
    "psr/http-message": {
        "version": "1.0.1"
    },
    "sensio/framework-extra-bundle": {
        "version": "4.0",
        "recipe": {
            "repo": "github.com/symfony/recipes",
            "branch": "master",
            "version": "4.0",
            "ref": "aaddfdf43cdecd4cf91f992052d76c2cadc04543"
        }
    },
    "symfony/dotenv": {
        "version": "v4.0.3"
    },
    "symfony/maker-bundle": {
        "version": "1.0",
        "recipe": {
            "repo": "github.com/symfony/recipes",
            "branch": "master",
            "version": "1.0",
            "ref": "fadbfe33303a76e25cb63401050439aa9b1a9c7f"
        }
    },
    "symfony/orm-pack": {
        "version": "v1.0.5"
    },
    "symfony/yaml": {
        "version": "v4.0.3"
    },
    "zendframework/zend-code": {
        "version": "3.3.0"
    },
    "zendframework/zend-eventmanager": {
        "version": "3.2.0"
    }
}
